
Microsoft Visual Studio Solution File, Format Version 12.00
# Visual Studio 15
VisualStudioVersion = 15.0.28010.2016
MinimumVisualStudioVersion = 10.0.40219.1
Project("{FAE04EC0-301F-11D3-BF4B-00C04F79EFBC}") = "ContactSetCmaCaIdWorkflow", "ContactSetCmaCaIdWorkflow\ContactSetCmaCaIdWorkflow.csproj", "{37D4C39A-B493-47CA-BCFC-287F5BA28C82}"
EndProject
Global
	GlobalSection(SolutionConfigurationPlatforms) = preSolution
		Debug|Any CPU = Debug|Any CPU
		Release|Any CPU = Release|Any CPU
	EndGlobalSection
	GlobalSection(ProjectConfigurationPlatforms) = postSolution
		{37D4C39A-B493-47CA-BCFC-287F5BA28C82}.Debug|Any CPU.ActiveCfg = Debug|Any CPU
		{37D4C39A-B493-47CA-BCFC-287F5BA28C82}.Debug|Any CPU.Build.0 = Debug|Any CPU
		{37D4C39A-B493-47CA-BCFC-287F5BA28C82}.Release|Any CPU.ActiveCfg = Release|Any CPU
		{37D4C39A-B493-47CA-BCFC-287F5BA28C82}.Release|Any CPU.Build.0 = Release|Any CPU
	EndGlobalSection
	GlobalSection(SolutionProperties) = preSolution
		HideSolutionNode = FALSE
	EndGlobalSection
	GlobalSection(ExtensibilityGlobals) = postSolution
		SolutionGuid = {1A3B583C-A771-40D4-B1E7-5F346BD6DDB9}
	EndGlobalSection
	GlobalSection(TeamFoundationVersionControl) = preSolution
		SccNumberOfProjects = 2
		SccEnterpriseProvider = {4CA58AB2-18FA-4F8D-95D4-32DDF27D184C}
		SccTeamFoundationServer = https://cmaamc.visualstudio.com/
		SccLocalPath0 = .
		SccProjectUniqueName1 = ContactSetCmaCaIdWorkflow\\ContactSetCmaCaIdWorkflow.csproj
		SccProjectName1 = ContactSetCmaCaIdWorkflow
		SccLocalPath1 = ContactSetCmaCaIdWorkflow
	EndGlobalSection
EndGlobal
